
Microsoft Visual Studio Solution File, Format Version 12.00
# Visual Studio 15
VisualStudioVersion = 15.0.26403.7
MinimumVisualStudioVersion = 10.0.40219.1
Project("{9A19103F-16F7-4668-BE54-9A1E7A4F7556}") = "stocks", "stocks.csproj", "{28755827-EBF1-4870-A478-7357628A02DC}"
EndProject
Global
	GlobalSection(SolutionConfigurationPlatforms) = preSolution
		Debug|Any CPU = Debug|Any CPU
		Release|Any CPU = Release|Any CPU
	EndGlobalSection
	GlobalSection(ProjectConfigurationPlatforms) = postSolution
		{28755827-EBF1-4870-A478-7357628A02DC}.Debug|Any CPU.ActiveCfg = Debug|Any CPU
		{28755827-EBF1-4870-A478-7357628A02DC}.Debug|Any CPU.Build.0 = Debug|Any CPU
		{28755827-EBF1-4870-A478-7357628A02DC}.Release|Any CPU.ActiveCfg = Release|Any CPU
		{28755827-EBF1-4870-A478-7357628A02DC}.Release|Any CPU.Build.0 = Release|Any CPU
	EndGlobalSection
	GlobalSection(SolutionProperties) = preSolution
		HideSolutionNode = FALSE
	EndGlobalSection
EndGlobal
